
Microsoft Visual Studio Solution File, Format Version 11.00
# Visual Studio 2010
Project("{FAE04EC0-301F-11D3-BF4B-00C04F79EFBC}") = "AK.Wwise.Unity.API", "AK.Wwise.Unity.API.csproj", "{0fbf249e-70d1-1d82-31c4-09d20e80c3e2}"
EndProject
Project("{FAE04EC0-301F-11D3-BF4B-00C04F79EFBC}") = "AK.Wwise.Unity.Timeline", "AK.Wwise.Unity.Timeline.csproj", "{c7c9ae38-c4d9-c669-3a90-6d8040bc30d4}"
EndProject
Project("{FAE04EC0-301F-11D3-BF4B-00C04F79EFBC}") = "Assembly-CSharp", "Assembly-CSharp.csproj", "{0e0a875d-e84a-7afe-e18a-1ab800c7aa25}"
EndProject
Project("{FAE04EC0-301F-11D3-BF4B-00C04F79EFBC}") = "AK.Wwise.Unity.API.WwiseTypes", "AK.Wwise.Unity.API.WwiseTypes.csproj", "{2095be6e-6ed6-5e3e-4d96-1db6979222d4}"
EndProject
Project("{FAE04EC0-301F-11D3-BF4B-00C04F79EFBC}") = "AK.Wwise.Unity.MonoBehaviour", "AK.Wwise.Unity.MonoBehaviour.csproj", "{46ce0ea2-fd04-e9ce-ad84-27ce5543a2ce}"
EndProject
Project("{FAE04EC0-301F-11D3-BF4B-00C04F79EFBC}") = "Ak.Wwise.Api.WAAPI", "Ak.Wwise.Api.WAAPI.csproj", "{1333a24c-7564-bb8d-dc82-2ea4761a8ceb}"
EndProject
Project("{FAE04EC0-301F-11D3-BF4B-00C04F79EFBC}") = "AK.Wwise.Unity.MonoBehaviour.Editor", "AK.Wwise.Unity.MonoBehaviour.Editor.csproj", "{aa44db1a-0033-5162-8ea9-639b9de26403}"
EndProject
Project("{FAE04EC0-301F-11D3-BF4B-00C04F79EFBC}") = "AK.Wwise.Unity.API.Editor", "AK.Wwise.Unity.API.Editor.csproj", "{153ab724-7d01-53f8-429e-23c5830ef9a3}"
EndProject
Project("{FAE04EC0-301F-11D3-BF4B-00C04F79EFBC}") = "Assembly-CSharp-Editor", "Assembly-CSharp-Editor.csproj", "{286ac082-d578-9212-c330-2c3a6a178b9a}"
EndProject
Project("{FAE04EC0-301F-11D3-BF4B-00C04F79EFBC}") = "AK.Wwise.Unity.Timeline.Editor", "AK.Wwise.Unity.Timeline.Editor.csproj", "{d3685c9b-cf8e-0c38-87b1-7e206554a9bf}"
EndProject
Global
	GlobalSection(SolutionConfigurationPlatforms) = preSolution
		Debug|Any CPU = Debug|Any CPU
	EndGlobalSection
	GlobalSection(ProjectConfigurationPlatforms) = postSolution
		{0fbf249e-70d1-1d82-31c4-09d20e80c3e2}.Debug|Any CPU.ActiveCfg = Debug|Any CPU
		{0fbf249e-70d1-1d82-31c4-09d20e80c3e2}.Debug|Any CPU.Build.0 = Debug|Any CPU
		{c7c9ae38-c4d9-c669-3a90-6d8040bc30d4}.Debug|Any CPU.ActiveCfg = Debug|Any CPU
		{c7c9ae38-c4d9-c669-3a90-6d8040bc30d4}.Debug|Any CPU.Build.0 = Debug|Any CPU
		{0e0a875d-e84a-7afe-e18a-1ab800c7aa25}.Debug|Any CPU.ActiveCfg = Debug|Any CPU
		{0e0a875d-e84a-7afe-e18a-1ab800c7aa25}.Debug|Any CPU.Build.0 = Debug|Any CPU
		{2095be6e-6ed6-5e3e-4d96-1db6979222d4}.Debug|Any CPU.ActiveCfg = Debug|Any CPU
		{2095be6e-6ed6-5e3e-4d96-1db6979222d4}.Debug|Any CPU.Build.0 = Debug|Any CPU
		{46ce0ea2-fd04-e9ce-ad84-27ce5543a2ce}.Debug|Any CPU.ActiveCfg = Debug|Any CPU
		{46ce0ea2-fd04-e9ce-ad84-27ce5543a2ce}.Debug|Any CPU.Build.0 = Debug|Any CPU
		{1333a24c-7564-bb8d-dc82-2ea4761a8ceb}.Debug|Any CPU.ActiveCfg = Debug|Any CPU
		{1333a24c-7564-bb8d-dc82-2ea4761a8ceb}.Debug|Any CPU.Build.0 = Debug|Any CPU
		{aa44db1a-0033-5162-8ea9-639b9de26403}.Debug|Any CPU.ActiveCfg = Debug|Any CPU
		{aa44db1a-0033-5162-8ea9-639b9de26403}.Debug|Any CPU.Build.0 = Debug|Any CPU
		{153ab724-7d01-53f8-429e-23c5830ef9a3}.Debug|Any CPU.ActiveCfg = Debug|Any CPU
		{153ab724-7d01-53f8-429e-23c5830ef9a3}.Debug|Any CPU.Build.0 = Debug|Any CPU
		{286ac082-d578-9212-c330-2c3a6a178b9a}.Debug|Any CPU.ActiveCfg = Debug|Any CPU
		{286ac082-d578-9212-c330-2c3a6a178b9a}.Debug|Any CPU.Build.0 = Debug|Any CPU
		{d3685c9b-cf8e-0c38-87b1-7e206554a9bf}.Debug|Any CPU.ActiveCfg = Debug|Any CPU
		{d3685c9b-cf8e-0c38-87b1-7e206554a9bf}.Debug|Any CPU.Build.0 = Debug|Any CPU
	EndGlobalSection
	GlobalSection(SolutionProperties) = preSolution
		HideSolutionNode = FALSE
	EndGlobalSection
EndGlobal
